{
  "name": "koila",
  "lockfileVersion": 2,
  "requires": true,
  "packages": {
    "": {
      "devDependencies": {
        "prettier": "^2.6.1",
        "pyright": "^1.1.187"
      }
    },
    "node_modules/prettier": {
      "version": "2.6.1",
      "resolved": "https://registry.npmjs.org/prettier/-/prettier-2.6.1.tgz",
      "integrity": "sha512-8UVbTBYGwN37Bs9LERmxCPjdvPxlEowx2urIL6urHzdb3SDq4B/Z6xLFCblrSnE4iKWcS6ziJ3aOYrc1kz/E2A==",
      "dev": true,
      "bin": {
        "prettier": "bin-prettier.js"
      },
      "engines": {
        "node": ">=10.13.0"
      },
      "funding": {
        "url": "https://github.com/prettier/prettier?sponsor=1"
      }
    },
    "node_modules/pyright": {
      "version": "1.1.233",
      "resolved": "https://registry.npmjs.org/pyright/-/pyright-1.1.233.tgz",
      "integrity": "sha512-qjyKJd6mfXLwaBls4Ww0CmML+K2gA4NnTelxGktLC3JQv7ioWU7lmiQ1KSr1BnmwuuTfsaJSDN3f+hUf9YPfWg==",
      "dev": true,
      "bin": {
        "pyright": "index.js",
        "pyright-langserver": "langserver.index.js"
      },
      "engines": {
        "node": ">=12.0.0"
      }
    }
  },
  "dependencies": {
    "prettier": {
      "version": "2.6.1",
      "resolved": "https://registry.npmjs.org/prettier/-/prettier-2.6.1.tgz",
      "integrity": "sha512-8UVbTBYGwN37Bs9LERmxCPjdvPxlEowx2urIL6urHzdb3SDq4B/Z6xLFCblrSnE4iKWcS6ziJ3aOYrc1kz/E2A==",
      "dev": true
    },
    "pyright": {
      "version": "1.1.233",
      "resolved": "https://registry.npmjs.org/pyright/-/pyright-1.1.233.tgz",
      "integrity": "sha512-qjyKJd6mfXLwaBls4Ww0CmML+K2gA4NnTelxGktLC3JQv7ioWU7lmiQ1KSr1BnmwuuTfsaJSDN3f+hUf9YPfWg==",
      "dev": true
    }
  }
}
