{
  "name": "koila",
  "lockfileVersion": 2,
  "requires": true,
  "packages": {
    "": {
      "devDependencies": {
        "prettier": "^2.6.1",
        "pyright": "^1.1.187"
      }
    },
    "node_modules/prettier": {
      "version": "2.8.3",
      "resolved": "https://registry.npmjs.org/prettier/-/prettier-2.8.3.tgz",
      "integrity": "sha512-tJ/oJ4amDihPoufT5sM0Z1SKEuKay8LfVAMlbbhnnkvt6BUserZylqo2PN+p9KeljLr0OHa2rXHU1T8reeoTrw==",
      "dev": true,
      "bin": {
        "prettier": "bin-prettier.js"
      },
      "engines": {
        "node": ">=10.13.0"
      },
      "funding": {
        "url": "https://github.com/prettier/prettier?sponsor=1"
      }
    },
    "node_modules/pyright": {
      "version": "1.1.290",
      "resolved": "https://registry.npmjs.org/pyright/-/pyright-1.1.290.tgz",
      "integrity": "sha512-iHT8G2+R/GUfYWxxd4ud5Lj/0H0bE1eWVR0avKKgPtkBeLkUz3sorjKpfuaJdsuJNrunzMtZsmYPD366t39klg==",
      "dev": true,
      "bin": {
        "pyright": "index.js",
        "pyright-langserver": "langserver.index.js"
      },
      "engines": {
        "node": ">=12.0.0"
      }
    }
  },
  "dependencies": {
    "prettier": {
      "version": "2.8.3",
      "resolved": "https://registry.npmjs.org/prettier/-/prettier-2.8.3.tgz",
      "integrity": "sha512-tJ/oJ4amDihPoufT5sM0Z1SKEuKay8LfVAMlbbhnnkvt6BUserZylqo2PN+p9KeljLr0OHa2rXHU1T8reeoTrw==",
      "dev": true
    },
    "pyright": {
      "version": "1.1.290",
      "resolved": "https://registry.npmjs.org/pyright/-/pyright-1.1.290.tgz",
      "integrity": "sha512-iHT8G2+R/GUfYWxxd4ud5Lj/0H0bE1eWVR0avKKgPtkBeLkUz3sorjKpfuaJdsuJNrunzMtZsmYPD366t39klg==",
      "dev": true
    }
  }
}
