{
  "name": "koila",
  "lockfileVersion": 2,
  "requires": true,
  "packages": {
    "": {
      "dependencies": {
        "prettier": "^2.4.1"
      },
      "devDependencies": {
        "pyright": "^1.1.187"
      }
    },
    "node_modules/prettier": {
      "version": "2.5.1",
      "resolved": "https://registry.npmjs.org/prettier/-/prettier-2.5.1.tgz",
      "integrity": "sha512-vBZcPRUR5MZJwoyi3ZoyQlc1rXeEck8KgeC9AwwOn+exuxLxq5toTRDTSaVrXHxelDMHy9zlicw8u66yxoSUFg==",
      "bin": {
        "prettier": "bin-prettier.js"
      },
      "engines": {
        "node": ">=10.13.0"
      }
    },
    "node_modules/pyright": {
      "version": "1.1.209",
      "resolved": "https://registry.npmjs.org/pyright/-/pyright-1.1.209.tgz",
      "integrity": "sha512-LCD8AjPTP80iKsafQywZANWpLV28w1s0tQfTOSBKbZq0lL5HxwECUF6YVY0H5o0CYJmDh/oqQHY8kWIDG2fzkw==",
      "dev": true,
      "bin": {
        "pyright": "index.js",
        "pyright-langserver": "langserver.index.js"
      },
      "engines": {
        "node": ">=12.0.0"
      }
    }
  },
  "dependencies": {
    "prettier": {
      "version": "2.5.1",
      "resolved": "https://registry.npmjs.org/prettier/-/prettier-2.5.1.tgz",
      "integrity": "sha512-vBZcPRUR5MZJwoyi3ZoyQlc1rXeEck8KgeC9AwwOn+exuxLxq5toTRDTSaVrXHxelDMHy9zlicw8u66yxoSUFg=="
    },
    "pyright": {
      "version": "1.1.209",
      "resolved": "https://registry.npmjs.org/pyright/-/pyright-1.1.209.tgz",
      "integrity": "sha512-LCD8AjPTP80iKsafQywZANWpLV28w1s0tQfTOSBKbZq0lL5HxwECUF6YVY0H5o0CYJmDh/oqQHY8kWIDG2fzkw==",
      "dev": true
    }
  }
}
